# This file is generated by running "yarn install" inside your project.
# Manual changes might be lost - proceed with caution!

__metadata:
  version: 8
  cacheKey: 10c0

"@bgotink/kdl@npm:0.2.0-next.4":
  version: 0.2.0-next.4
  resolution: "@bgotink/kdl@npm:0.2.0-next.4"
  checksum: 10c0/579cb7dcb82397d5d31cfc1fb8f551b10cffe9e90649287a421f46c9c7503cd69988c815325c7267196fb05dd7fb99f336eef9636cffff9b8884e716f717332b
  languageName: node
  linkType: hard

"@bgotink/prettier-plugin-kdl@workspace:.":
  version: 0.0.0-use.local
  resolution: "@bgotink/prettier-plugin-kdl@workspace:."
  dependencies:
    "@bgotink/kdl": "npm:0.2.0-next.4"
    prettier: "npm:^3.0.3"
    typescript: "npm:^5.3.3"
    uvu: "npm:^0.5.4"
  peerDependencies:
    prettier: ^3.0.3
  languageName: unknown
  linkType: soft

"dequal@npm:^2.0.0":
  version: 2.0.3
  resolution: "dequal@npm:2.0.3"
  checksum: 10c0/f98860cdf58b64991ae10205137c0e97d384c3a4edc7f807603887b7c4b850af1224a33d88012009f150861cbee4fa2d322c4cc04b9313bee312e47f6ecaa888
  languageName: node
  linkType: hard

"diff@npm:^5.0.0":
  version: 5.1.0
  resolution: "diff@npm:5.1.0"
  checksum: 10c0/77a0d9beb9ed54796154ac2511872288432124ac90a1cabb1878783c9b4d81f1847f3b746a0630b1e836181461d2c76e1e6b95559bef86ed16294d114862e364
  languageName: node
  linkType: hard

"kleur@npm:^4.0.3":
  version: 4.1.5
  resolution: "kleur@npm:4.1.5"
  checksum: 10c0/e9de6cb49657b6fa70ba2d1448fd3d691a5c4370d8f7bbf1c2f64c24d461270f2117e1b0afe8cb3114f13bbd8e51de158c2a224953960331904e636a5e4c0f2a
  languageName: node
  linkType: hard

"mri@npm:^1.1.0":
  version: 1.2.0
  resolution: "mri@npm:1.2.0"
  checksum: 10c0/a3d32379c2554cf7351db6237ddc18dc9e54e4214953f3da105b97dc3babe0deb3ffe99cf409b38ea47cc29f9430561ba6b53b24ab8f9ce97a4b50409e4a50e7
  languageName: node
  linkType: hard

"prettier@npm:^3.0.3":
  version: 3.2.5
  resolution: "prettier@npm:3.2.5"
  bin:
    prettier: bin/prettier.cjs
  checksum: 10c0/ea327f37a7d46f2324a34ad35292af2ad4c4c3c3355da07313339d7e554320f66f65f91e856add8530157a733c6c4a897dc41b577056be5c24c40f739f5ee8c6
  languageName: node
  linkType: hard

"sade@npm:^1.7.3":
  version: 1.8.1
  resolution: "sade@npm:1.8.1"
  dependencies:
    mri: "npm:^1.1.0"
  checksum: 10c0/da8a3a5d667ad5ce3bf6d4f054bbb9f711103e5df21003c5a5c1a8a77ce12b640ed4017dd423b13c2307ea7e645adee7c2ae3afe8051b9db16a6f6d3da3f90b1
  languageName: node
  linkType: hard

"typescript@npm:^5.3.3":
  version: 5.3.3
  resolution: "typescript@npm:5.3.3"
  bin:
    tsc: bin/tsc
    tsserver: bin/tsserver
  checksum: 10c0/e33cef99d82573624fc0f854a2980322714986bc35b9cb4d1ce736ed182aeab78e2cb32b385efa493b2a976ef52c53e20d6c6918312353a91850e2b76f1ea44f
  languageName: node
  linkType: hard

"typescript@patch:typescript@npm%3A^5.3.3#optional!builtin<compat/typescript>":
  version: 5.3.3
  resolution: "typescript@patch:typescript@npm%3A5.3.3#optional!builtin<compat/typescript>::version=5.3.3&hash=e012d7"
  bin:
    tsc: bin/tsc
    tsserver: bin/tsserver
  checksum: 10c0/1d0a5f4ce496c42caa9a30e659c467c5686eae15d54b027ee7866744952547f1be1262f2d40de911618c242b510029d51d43ff605dba8fb740ec85ca2d3f9500
  languageName: node
  linkType: hard

"uvu@npm:^0.5.4":
  version: 0.5.6
  resolution: "uvu@npm:0.5.6"
  dependencies:
    dequal: "npm:^2.0.0"
    diff: "npm:^5.0.0"
    kleur: "npm:^4.0.3"
    sade: "npm:^1.7.3"
  bin:
    uvu: bin.js
  checksum: 10c0/ad32eb5f7d94bdeb71f80d073003f0138e24f61ed68cecc8e15d2f30838f44c9670577bb1775c8fac894bf93d1bc1583d470a9195e49bfa6efa14cc6f4942bff
  languageName: node
  linkType: hard
